
Microsoft Visual Studio Solution File, Format Version 12.00
# Visual Studio Version 17
VisualStudioVersion = 17.11.35312.102
MinimumVisualStudioVersion = 10.0.40219.1
Project("{FAE04EC0-301F-11D3-BF4B-00C04F79EFBC}") = "AppCrud", "AppCrud\AppCrud.csproj", "{3932EF72-0C5F-468C-BEBA-B23AF55C32A2}"
EndProject
Global
	GlobalSection(SolutionConfigurationPlatforms) = preSolution
		Debug|Any CPU = Debug|Any CPU
		Release|Any CPU = Release|Any CPU
	EndGlobalSection
	GlobalSection(ProjectConfigurationPlatforms) = postSolution
		{3932EF72-0C5F-468C-BEBA-B23AF55C32A2}.Debug|Any CPU.ActiveCfg = Debug|Any CPU
		{3932EF72-0C5F-468C-BEBA-B23AF55C32A2}.Debug|Any CPU.Build.0 = Debug|Any CPU
		{3932EF72-0C5F-468C-BEBA-B23AF55C32A2}.Debug|Any CPU.Deploy.0 = Debug|Any CPU
		{3932EF72-0C5F-468C-BEBA-B23AF55C32A2}.Release|Any CPU.ActiveCfg = Release|Any CPU
		{3932EF72-0C5F-468C-BEBA-B23AF55C32A2}.Release|Any CPU.Build.0 = Release|Any CPU
		{3932EF72-0C5F-468C-BEBA-B23AF55C32A2}.Release|Any CPU.Deploy.0 = Release|Any CPU
	EndGlobalSection
	GlobalSection(SolutionProperties) = preSolution
		HideSolutionNode = FALSE
	EndGlobalSection
	GlobalSection(ExtensibilityGlobals) = postSolution
		SolutionGuid = {AFEA6A1C-F951-40A3-B105-F133081E3572}
	EndGlobalSection
EndGlobal
